// !$*UTF8*$!
{
	archiveVersion = 1;
	classes = {
	};
	objectVersion = 46;
	objects = {

/* Begin PBXBuildFile section */
		032C8B871EE75BEF000BA35A /* AppDelegate.swift in Sources */ = {isa = PBXBuildFile; fileRef = 032C8B861EE75BEF000BA35A /* AppDelegate.swift */; };
		032C8B891EE75BEF000BA35A /* ViewController.swift in Sources */ = {isa = PBXBuildFile; fileRef = 032C8B881EE75BEF000BA35A /* ViewController.swift */; };
		032C8B8C1EE75BF0000BA35A /* Main.storyboard in Resources */ = {isa = PBXBuildFile; fileRef = 032C8B8A1EE75BF0000BA35A /* Main.storyboard */; };
		032C8B8E1EE75BF0000BA35A /* Assets.xcassets in Resources */ = {isa = PBXBuildFile; fileRef = 032C8B8D1EE75BF0000BA35A /* Assets.xcassets */; };
		032C8B911EE75BF0000BA35A /* LaunchScreen.storyboard in Resources */ = {isa = PBXBuildFile; fileRef = 032C8B8F1EE75BF0000BA35A /* LaunchScreen.storyboard */; };
		032C8B9C1EE75BF0000BA35A /* calculatorTests.swift in Sources */ = {isa = PBXBuildFile; fileRef = 032C8B9B1EE75BF0000BA35A /* calculatorTests.swift */; };
		032C8BA71EE75BF0000BA35A /* calculatorUITests.swift in Sources */ = {isa = PBXBuildFile; fileRef = 032C8BA61EE75BF0000BA35A /* calculatorUITests.swift */; };
/* End PBXBuildFile section */

/* Begin PBXContainerItemProxy section */
		032C8B981EE75BF0000BA35A /* PBXContainerItemProxy */ = {
			isa = PBXContainerItemProxy;
			containerPortal = 032C8B7B1EE75BEF000BA35A /* Project object */;
			proxyType = 1;
			remoteGlobalIDString = 032C8B821EE75BEF000BA35A;
			remoteInfo = calculator;
		};
		032C8BA31EE75BF0000BA35A /* PBXContainerItemProxy */ = {
			isa = PBXContainerItemProxy;
			containerPortal = 032C8B7B1EE75BEF000BA35A /* Project object */;
			proxyType = 1;
			remoteGlobalIDString = 032C8B821EE75BEF000BA35A;
			remoteInfo = calculator;
		};
/* End PBXContainerItemProxy section */

/* Begin PBXFileReference section */
		032C8B831EE75BEF000BA35A /* calculator.app */ = {isa = PBXFileReference; explicitFileType = wrapper.application; includeInIndex = 0; path = calculator.app; sourceTree = BUILT_PRODUCTS_DIR; };
		032C8B861EE75BEF000BA35A /* AppDelegate.swift */ = {isa = PBXFileReference; lastKnownFileType = sourcecode.swift; path = AppDelegate.swift; sourceTree = "<group>"; };
		032C8B881EE75BEF000BA35A /* ViewController.swift */ = {isa = PBXFileReference; lastKnownFileType = sourcecode.swift; path = ViewController.swift; sourceTree = "<group>"; };
		032C8B8B1EE75BF0000BA35A /* Base */ = {isa = PBXFileReference; lastKnownFileType = file.storyboard; name = Base; path = Base.lproj/Main.storyboard; sourceTree = "<group>"; };
		032C8B8D1EE75BF0000BA35A /* Assets.xcassets */ = {isa = PBXFileReference; lastKnownFileType = folder.assetcatalog; path = Assets.xcassets; sourceTree = "<group>"; };
		032C8B901EE75BF0000BA35A /* Base */ = {isa = PBXFileReference; lastKnownFileType = file.storyboard; name = Base; path = Base.lproj/LaunchScreen.storyboard; sourceTree = "<group>"; };
		032C8B921EE75BF0000BA35A /* Info.plist */ = {isa = PBXFileReference; lastKnownFileType = text.plist.xml; path = Info.plist; sourceTree = "<group>"; };
		032C8B971EE75BF0000BA35A /* calculatorTests.xctest */ = {isa = PBXFileReference; explicitFileType = wrapper.cfbundle; includeInIndex = 0; path = calculatorTests.xctest; sourceTree = BUILT_PRODUCTS_DIR; };
		032C8B9B1EE75BF0000BA35A /* calculatorTests.swift */ = {isa = PBXFileReference; lastKnownFileType = sourcecode.swift; path = calculatorTests.swift; sourceTree = "<group>"; };
		032C8B9D1EE75BF0000BA35A /* Info.plist */ = {isa = PBXFileReference; lastKnownFileType = text.plist.xml; path = Info.plist; sourceTree = "<group>"; };
		032C8BA21EE75BF0000BA35A /* calculatorUITests.xctest */ = {isa = PBXFileReference; explicitFileType = wrapper.cfbundle; includeInIndex = 0; path = calculatorUITests.xctest; sourceTree = BUILT_PRODUCTS_DIR; };
		032C8BA61EE75BF0000BA35A /* calculatorUITests.swift */ = {isa = PBXFileReference; lastKnownFileType = sourcecode.swift; path = calculatorUITests.swift; sourceTree = "<group>"; };
		032C8BA81EE75BF0000BA35A /* Info.plist */ = {isa = PBXFileReference; lastKnownFileType = text.plist.xml; path = Info.plist; sourceTree = "<group>"; };
/* End PBXFileReference section */

/* Begin PBXFrameworksBuildPhase section */
		032C8B801EE75BEF000BA35A /* Frameworks */ = {
			isa = PBXFrameworksBuildPhase;
			buildActionMask = 2147483647;
			files = (
			);
			runOnlyForDeploymentPostprocessing = 0;
		};
		032C8B941EE75BF0000BA35A /* Frameworks */ = {
			isa = PBXFrameworksBuildPhase;
			buildActionMask = 2147483647;
			files = (
			);
			runOnlyForDeploymentPostprocessing = 0;
		};
		032C8B9F1EE75BF0000BA35A /* Frameworks */ = {
			isa = PBXFrameworksBuildPhase;
			buildActionMask = 2147483647;
			files = (
			);
			runOnlyForDeploymentPostprocessing = 0;
		};
/* End PBXFrameworksBuildPhase section */

/* Begin PBXGroup section */
		032C8B7A1EE75BEF000BA35A = {
			isa = PBXGroup;
			children = (
				032C8B851EE75BEF000BA35A /* calculator */,
				032C8B9A1EE75BF0000BA35A /* calculatorTests */,
				032C8BA51EE75BF0000BA35A /* calculatorUITests */,
				032C8B841EE75BEF000BA35A /* Products */,
			);
			sourceTree = "<group>";
		};
		032C8B841EE75BEF000BA35A /* Products */ = {
			isa = PBXGroup;
			children = (
				032C8B831EE75BEF000BA35A /* calculator.app */,
				032C8B971EE75BF0000BA35A /* calculatorTests.xctest */,
				032C8BA21EE75BF0000BA35A /* calculatorUITests.xctest */,
			);
			name = Products;
			sourceTree = "<group>";
		};
		032C8B851EE75BEF000BA35A /* calculator */ = {
			isa = PBXGroup;
			children = (
				032C8B861EE75BEF000BA35A /* AppDelegate.swift */,
				032C8B881EE75BEF000BA35A /* ViewController.swift */,
				032C8B8A1EE75BF0000BA35A /* Main.storyboard */,
				032C8B8D1EE75BF0000BA35A /* Assets.xcassets */,
				032C8B8F1EE75BF0000BA35A /* LaunchScreen.storyboard */,
				032C8B921EE75BF0000BA35A /* Info.plist */,
			);
			path = calculator;
			sourceTree = "<group>";
		};
		032C8B9A1EE75BF0000BA35A /* calculatorTests */ = {
			isa = PBXGroup;
			children = (
				032C8B9B1EE75BF0000BA35A /* calculatorTests.swift */,
				032C8B9D1EE75BF0000BA35A /* Info.plist */,
			);
			path = calculatorTests;
			sourceTree = "<group>";
		};
		032C8BA51EE75BF0000BA35A /* calculatorUITests */ = {
			isa = PBXGroup;
			children = (
				032C8BA61EE75BF0000BA35A /* calculatorUITests.swift */,
				032C8BA81EE75BF0000BA35A /* Info.plist */,
			);
			path = calculatorUITests;
			sourceTree = "<group>";
		};
/* End PBXGroup section */

/* Begin PBXNativeTarget section */
		032C8B821EE75BEF000BA35A /* calculator */ = {
			isa = PBXNativeTarget;
			buildConfigurationList = 032C8BAB1EE75BF0000BA35A /* Build configuration list for PBXNativeTarget "calculator" */;
			buildPhases = (
				032C8B7F1EE75BEF000BA35A /* Sources */,
				032C8B801EE75BEF000BA35A /* Frameworks */,
				032C8B811EE75BEF000BA35A /* Resources */,
			);
			buildRules = (
			);
			dependencies = (
			);
			name = calculator;
			productName = calculator;
			productReference = 032C8B831EE75BEF000BA35A /* calculator.app */;
			productType = "com.apple.product-type.application";
		};
		032C8B961EE75BF0000BA35A /* calculatorTests */ = {
			isa = PBXNativeTarget;
			buildConfigurationList = 032C8BAE1EE75BF0000BA35A /* Build configuration list for PBXNativeTarget "calculatorTests" */;
			buildPhases = (
				032C8B931EE75BF0000BA35A /* Sources */,
				032C8B941EE75BF0000BA35A /* Frameworks */,
				032C8B951EE75BF0000BA35A /* Resources */,
			);
			buildRules = (
			);
			dependencies = (
				032C8B991EE75BF0000BA35A /* PBXTargetDependency */,
			);
			name = calculatorTests;
			productName = calculatorTests;
			productReference = 032C8B971EE75BF0000BA35A /* calculatorTests.xctest */;
			productType = "com.apple.product-type.bundle.unit-test";
		};
		032C8BA11EE75BF0000BA35A /* calculatorUITests */ = {
			isa = PBXNativeTarget;
			buildConfigurationList = 032C8BB11EE75BF0000BA35A /* Build configuration list for PBXNativeTarget "calculatorUITests" */;
			buildPhases = (
				032C8B9E1EE75BF0000BA35A /* Sources */,
				032C8B9F1EE75BF0000BA35A /* Frameworks */,
				032C8BA01EE75BF0000BA35A /* Resources */,
			);
			buildRules = (
			);
			dependencies = (
				032C8BA41EE75BF0000BA35A /* PBXTargetDependency */,
			);
			name = calculatorUITests;
			productName = calculatorUITests;
			productReference = 032C8BA21EE75BF0000BA35A /* calculatorUITests.xctest */;
			productType = "com.apple.product-type.bundle.ui-testing";
		};
/* End PBXNativeTarget section */

/* Begin PBXProject section */
		032C8B7B1EE75BEF000BA35A /* Project object */ = {
			isa = PBXProject;
			attributes = {
				LastSwiftUpdateCheck = 0830;
				LastUpgradeCheck = 0830;
				ORGANIZATIONNAME = "Chih-Ching Chang";
				TargetAttributes = {
					032C8B821EE75BEF000BA35A = {
						CreatedOnToolsVersion = 8.3.3;
						ProvisioningStyle = Automatic;
					};
					032C8B961EE75BF0000BA35A = {
						CreatedOnToolsVersion = 8.3.3;
						ProvisioningStyle = Automatic;
						TestTargetID = 032C8B821EE75BEF000BA35A;
					};
					032C8BA11EE75BF0000BA35A = {
						CreatedOnToolsVersion = 8.3.3;
						ProvisioningStyle = Automatic;
						TestTargetID = 032C8B821EE75BEF000BA35A;
					};
				};
			};
			buildConfigurationList = 032C8B7E1EE75BEF000BA35A /* Build configuration list for PBXProject "calculator" */;
			compatibilityVersion = "Xcode 3.2";
			developmentRegion = English;
			hasScannedForEncodings = 0;
			knownRegions = (
				en,
				Base,
			);
			mainGroup = 032C8B7A1EE75BEF000BA35A;
			productRefGroup = 032C8B841EE75BEF000BA35A /* Products */;
			projectDirPath = "";
			projectRoot = "";
			targets = (
				032C8B821EE75BEF000BA35A /* calculator */,
				032C8B961EE75BF0000BA35A /* calculatorTests */,
				032C8BA11EE75BF0000BA35A /* calculatorUITests */,
			);
		};
/* End PBXProject section */

/* Begin PBXResourcesBuildPhase section */
		032C8B811EE75BEF000BA35A /* Resources */ = {
			isa = PBXResourcesBuildPhase;
			buildActionMask = 2147483647;
			files = (
				032C8B911EE75BF0000BA35A /* LaunchScreen.storyboard in Resources */,
				032C8B8E1EE75BF0000BA35A /* Assets.xcassets in Resources */,
				032C8B8C1EE75BF0000BA35A /* Main.storyboard in Resources */,
			);
			runOnlyForDeploymentPostprocessing = 0;
		};
		032C8B951EE75BF0000BA35A /* Resources */ = {
			isa = PBXResourcesBuildPhase;
			buildActionMask = 2147483647;
			files = (
			);
			runOnlyForDeploymentPostprocessing = 0;
		};
		032C8BA01EE75BF0000BA35A /* Resources */ = {
			isa = PBXResourcesBuildPhase;
			buildActionMask = 2147483647;
			files = (
			);
			runOnlyForDeploymentPostprocessing = 0;
		};
/* End PBXResourcesBuildPhase section */

/* Begin PBXSourcesBuildPhase section */
		032C8B7F1EE75BEF000BA35A /* Sources */ = {
			isa = PBXSourcesBuildPhase;
			buildActionMask = 2147483647;
			files = (
				032C8B891EE75BEF000BA35A /* ViewController.swift in Sources */,
				032C8B871EE75BEF000BA35A /* AppDelegate.swift in Sources */,
			);
			runOnlyForDeploymentPostprocessing = 0;
		};
		032C8B931EE75BF0000BA35A /* Sources */ = {
			isa = PBXSourcesBuildPhase;
			buildActionMask = 2147483647;
			files = (
				032C8B9C1EE75BF0000BA35A /* calculatorTests.swift in Sources */,
			);
			runOnlyForDeploymentPostprocessing = 0;
		};
		032C8B9E1EE75BF0000BA35A /* Sources */ = {
			isa = PBXSourcesBuildPhase;
			buildActionMask = 2147483647;
			files = (
				032C8BA71EE75BF0000BA35A /* calculatorUITests.swift in Sources */,
			);
			runOnlyForDeploymentPostprocessing = 0;
		};
/* End PBXSourcesBuildPhase section */

/* Begin PBXTargetDependency section */
		032C8B991EE75BF0000BA35A /* PBXTargetDependency */ = {
			isa = PBXTargetDependency;
			target = 032C8B821EE75BEF000BA35A /* calculator */;
			targetProxy = 032C8B981EE75BF0000BA35A /* PBXContainerItemProxy */;
		};
		032C8BA41EE75BF0000BA35A /* PBXTargetDependency */ = {
			isa = PBXTargetDependency;
			target = 032C8B821EE75BEF000BA35A /* calculator */;
			targetProxy = 032C8BA31EE75BF0000BA35A /* PBXContainerItemProxy */;
		};
/* End PBXTargetDependency section */

/* Begin PBXVariantGroup section */
		032C8B8A1EE75BF0000BA35A /* Main.storyboard */ = {
			isa = PBXVariantGroup;
			children = (
				032C8B8B1EE75BF0000BA35A /* Base */,
			);
			name = Main.storyboard;
			sourceTree = "<group>";
		};
		032C8B8F1EE75BF0000BA35A /* LaunchScreen.storyboard */ = {
			isa = PBXVariantGroup;
			children = (
				032C8B901EE75BF0000BA35A /* Base */,
			);
			name = LaunchScreen.storyboard;
			sourceTree = "<group>";
		};
/* End PBXVariantGroup section */

/* Begin XCBuildConfiguration section */
		032C8BA91EE75BF0000BA35A /* Debug */ = {
			isa = XCBuildConfiguration;
			buildSettings = {
				ALWAYS_SEARCH_USER_PATHS = NO;
				CLANG_ANALYZER_NONNULL = YES;
				CLANG_ANALYZER_NUMBER_OBJECT_CONVERSION = YES_AGGRESSIVE;
				CLANG_CXX_LANGUAGE_STANDARD = "gnu++0x";
				CLANG_CXX_LIBRARY = "libc++";
				CLANG_ENABLE_MODULES = YES;
				CLANG_ENABLE_OBJC_ARC = YES;
				CLANG_WARN_BOOL_CONVERSION = YES;
				CLANG_WARN_CONSTANT_CONVERSION = YES;
				CLANG_WARN_DIRECT_OBJC_ISA_USAGE = YES_ERROR;
				CLANG_WARN_DOCUMENTATION_COMMENTS = YES;
				CLANG_WARN_EMPTY_BODY = YES;
				CLANG_WARN_ENUM_CONVERSION = YES;
				CLANG_WARN_INFINITE_RECURSION = YES;
				CLANG_WARN_INT_CONVERSION = YES;
				CLANG_WARN_OBJC_ROOT_CLASS = YES_ERROR;
				CLANG_WARN_SUSPICIOUS_MOVE = YES;
				CLANG_WARN_UNREACHABLE_CODE = YES;
				CLANG_WARN__DUPLICATE_METHOD_MATCH = YES;
				"CODE_SIGN_IDENTITY[sdk=iphoneos*]" = "iPhone Developer";
				COPY_PHASE_STRIP = NO;
				DEBUG_INFORMATION_FORMAT = dwarf;
				ENABLE_STRICT_OBJC_MSGSEND = YES;
				ENABLE_TESTABILITY = YES;
				GCC_C_LANGUAGE_STANDARD = gnu99;
				GCC_DYNAMIC_NO_PIC = NO;
				GCC_NO_COMMON_BLOCKS = YES;
				GCC_OPTIMIZATION_LEVEL = 0;
				GCC_PREPROCESSOR_DEFINITIONS = (
					"DEBUG=1",
					"$(inherited)",
				);
				GCC_WARN_64_TO_32_BIT_CONVERSION = YES;
				GCC_WARN_ABOUT_RETURN_TYPE = YES_ERROR;
				GCC_WARN_UNDECLARED_SELECTOR = YES;
				GCC_WARN_UNINITIALIZED_AUTOS = YES_AGGRESSIVE;
				GCC_WARN_UNUSED_FUNCTION = YES;
				GCC_WARN_UNUSED_VARIABLE = YES;
				IPHONEOS_DEPLOYMENT_TARGET = 10.3;
				MTL_ENABLE_DEBUG_INFO = YES;
				ONLY_ACTIVE_ARCH = YES;
				SDKROOT = iphoneos;
				SWIFT_ACTIVE_COMPILATION_CONDITIONS = DEBUG;
				SWIFT_OPTIMIZATION_LEVEL = "-Onone";
				TARGETED_DEVICE_FAMILY = "1,2";
			};
			name = Debug;
		};
		032C8BAA1EE75BF0000BA35A /* Release */ = {
			isa = XCBuildConfiguration;
			buildSettings = {
				ALWAYS_SEARCH_USER_PATHS = NO;
				CLANG_ANALYZER_NONNULL = YES;
				CLANG_ANALYZER_NUMBER_OBJECT_CONVERSION = YES_AGGRESSIVE;
				CLANG_CXX_LANGUAGE_STANDARD = "gnu++0x";
				CLANG_CXX_LIBRARY = "libc++";
				CLANG_ENABLE_MODULES = YES;
				CLANG_ENABLE_OBJC_ARC = YES;
				CLANG_WARN_BOOL_CONVERSION = YES;
				CLANG_WARN_CONSTANT_CONVERSION = YES;
				CLANG_WARN_DIRECT_OBJC_ISA_USAGE = YES_ERROR;
				CLANG_WARN_DOCUMENTATION_COMMENTS = YES;
				CLANG_WARN_EMPTY_BODY = YES;
				CLANG_WARN_ENUM_CONVERSION = YES;
				CLANG_WARN_INFINITE_RECURSION = YES;
				CLANG_WARN_INT_CONVERSION = YES;
				CLANG_WARN_OBJC_ROOT_CLASS = YES_ERROR;
				CLANG_WARN_SUSPICIOUS_MOVE = YES;
				CLANG_WARN_UNREACHABLE_CODE = YES;
				CLANG_WARN__DUPLICATE_METHOD_MATCH = YES;
				"CODE_SIGN_IDENTITY[sdk=iphoneos*]" = "iPhone Developer";
				COPY_PHASE_STRIP = NO;
				DEBUG_INFORMATION_FORMAT = "dwarf-with-dsym";
				ENABLE_NS_ASSERTIONS = NO;
				ENABLE_STRICT_OBJC_MSGSEND = YES;
				GCC_C_LANGUAGE_STANDARD = gnu99;
				GCC_NO_COMMON_BLOCKS = YES;
				GCC_WARN_64_TO_32_BIT_CONVERSION = YES;
				GCC_WARN_ABOUT_RETURN_TYPE = YES_ERROR;
				GCC_WARN_UNDECLARED_SELECTOR = YES;
				GCC_WARN_UNINITIALIZED_AUTOS = YES_AGGRESSIVE;
				GCC_WARN_UNUSED_FUNCTION = YES;
				GCC_WARN_UNUSED_VARIABLE = YES;
				IPHONEOS_DEPLOYMENT_TARGET = 10.3;
				MTL_ENABLE_DEBUG_INFO = NO;
				SDKROOT = iphoneos;
				SWIFT_OPTIMIZATION_LEVEL = "-Owholemodule";
				TARGETED_DEVICE_FAMILY = "1,2";
				VALIDATE_PRODUCT = YES;
			};
			name = Release;
		};
		032C8BAC1EE75BF0000BA35A /* Debug */ = {
			isa = XCBuildConfiguration;
			buildSettings = {
				ASSETCATALOG_COMPILER_APPICON_NAME = AppIcon;
				INFOPLIST_FILE = calculator/Info.plist;
				LD_RUNPATH_SEARCH_PATHS = "$(inherited) @executable_path/Frameworks";
				PRODUCT_BUNDLE_IDENTIFIER = chihching.calculator;
				PRODUCT_NAME = "$(TARGET_NAME)";
				SWIFT_VERSION = 3.0;
			};
			name = Debug;
		};
		032C8BAD1EE75BF0000BA35A /* Release */ = {
			isa = XCBuildConfiguration;
			buildSettings = {
				ASSETCATALOG_COMPILER_APPICON_NAME = AppIcon;
				INFOPLIST_FILE = calculator/Info.plist;
				LD_RUNPATH_SEARCH_PATHS = "$(inherited) @executable_path/Frameworks";
				PRODUCT_BUNDLE_IDENTIFIER = chihching.calculator;
				PRODUCT_NAME = "$(TARGET_NAME)";
				SWIFT_VERSION = 3.0;
			};
			name = Release;
		};
		032C8BAF1EE75BF0000BA35A /* Debug */ = {
			isa = XCBuildConfiguration;
			buildSettings = {
				ALWAYS_EMBED_SWIFT_STANDARD_LIBRARIES = YES;
				BUNDLE_LOADER = "$(TEST_HOST)";
				INFOPLIST_FILE = calculatorTests/Info.plist;
				LD_RUNPATH_SEARCH_PATHS = "$(inherited) @executable_path/Frameworks @loader_path/Frameworks";
				PRODUCT_BUNDLE_IDENTIFIER = chihching.calculatorTests;
				PRODUCT_NAME = "$(TARGET_NAME)";
				SWIFT_VERSION = 3.0;
				TEST_HOST = "$(BUILT_PRODUCTS_DIR)/calculator.app/calculator";
			};
			name = Debug;
		};
		032C8BB01EE75BF0000BA35A /* Release */ = {
			isa = XCBuildConfiguration;
			buildSettings = {
				ALWAYS_EMBED_SWIFT_STANDARD_LIBRARIES = YES;
				BUNDLE_LOADER = "$(TEST_HOST)";
				INFOPLIST_FILE = calculatorTests/Info.plist;
				LD_RUNPATH_SEARCH_PATHS = "$(inherited) @executable_path/Frameworks @loader_path/Frameworks";
				PRODUCT_BUNDLE_IDENTIFIER = chihching.calculatorTests;
				PRODUCT_NAME = "$(TARGET_NAME)";
				SWIFT_VERSION = 3.0;
				TEST_HOST = "$(BUILT_PRODUCTS_DIR)/calculator.app/calculator";
			};
			name = Release;
		};
		032C8BB21EE75BF0000BA35A /* Debug */ = {
			isa = XCBuildConfiguration;
			buildSettings = {
				ALWAYS_EMBED_SWIFT_STANDARD_LIBRARIES = YES;
				INFOPLIST_FILE = calculatorUITests/Info.plist;
				LD_RUNPATH_SEARCH_PATHS = "$(inherited) @executable_path/Frameworks @loader_path/Frameworks";
				PRODUCT_BUNDLE_IDENTIFIER = chihching.calculatorUITests;
				PRODUCT_NAME = "$(TARGET_NAME)";
				SWIFT_VERSION = 3.0;
				TEST_TARGET_NAME = calculator;
			};
			name = Debug;
		};
		032C8BB31EE75BF0000BA35A /* Release */ = {
			isa = XCBuildConfiguration;
			buildSettings = {
				ALWAYS_EMBED_SWIFT_STANDARD_LIBRARIES = YES;
				INFOPLIST_FILE = calculatorUITests/Info.plist;
				LD_RUNPATH_SEARCH_PATHS = "$(inherited) @executable_path/Frameworks @loader_path/Frameworks";
				PRODUCT_BUNDLE_IDENTIFIER = chihching.calculatorUITests;
				PRODUCT_NAME = "$(TARGET_NAME)";
				SWIFT_VERSION = 3.0;
				TEST_TARGET_NAME = calculator;
			};
			name = Release;
		};
/* End XCBuildConfiguration section */

/* Begin XCConfigurationList section */
		032C8B7E1EE75BEF000BA35A /* Build configuration list for PBXProject "calculator" */ = {
			isa = XCConfigurationList;
			buildConfigurations = (
				032C8BA91EE75BF0000BA35A /* Debug */,
				032C8BAA1EE75BF0000BA35A /* Release */,
			);
			defaultConfigurationIsVisible = 0;
			defaultConfigurationName = Release;
		};
		032C8BAB1EE75BF0000BA35A /* Build configuration list for PBXNativeTarget "calculator" */ = {
			isa = XCConfigurationList;
			buildConfigurations = (
				032C8BAC1EE75BF0000BA35A /* Debug */,
				032C8BAD1EE75BF0000BA35A /* Release */,
			);
			defaultConfigurationIsVisible = 0;
		};
		032C8BAE1EE75BF0000BA35A /* Build configuration list for PBXNativeTarget "calculatorTests" */ = {
			isa = XCConfigurationList;
			buildConfigurations = (
				032C8BAF1EE75BF0000BA35A /* Debug */,
				032C8BB01EE75BF0000BA35A /* Release */,
			);
			defaultConfigurationIsVisible = 0;
		};
		032C8BB11EE75BF0000BA35A /* Build configuration list for PBXNativeTarget "calculatorUITests" */ = {
			isa = XCConfigurationList;
			buildConfigurations = (
				032C8BB21EE75BF0000BA35A /* Debug */,
				032C8BB31EE75BF0000BA35A /* Release */,
			);
			defaultConfigurationIsVisible = 0;
		};
/* End XCConfigurationList section */
	};
	rootObject = 032C8B7B1EE75BEF000BA35A /* Project object */;
}
